
Microsoft Visual Studio Solution File, Format Version 12.00
# Visual Studio 14
VisualStudioVersion = 14.0.24720.0
MinimumVisualStudioVersion = 10.0.40219.1
Project("{2150E333-8FDC-42A3-9474-1A3956D46DE8}") = "1 - Presentation", "1 - Presentation", "{0E9A87D7-750C-4381-A0E9-8C05002085F5}"
EndProject
Project("{2150E333-8FDC-42A3-9474-1A3956D46DE8}") = "2 - Services", "2 - Services", "{F324BB88-917B-4D92-9BA4-1A139A4E82E3}"
EndProject
Project("{2150E333-8FDC-42A3-9474-1A3956D46DE8}") = "3 - Application", "3 - Application", "{27CA652A-6EF2-46F6-A615-2FAE1B46553C}"
EndProject
Project("{2150E333-8FDC-42A3-9474-1A3956D46DE8}") = "4 - Domain", "4 - Domain", "{95494C4F-0307-4884-9D5A-B26FB9471828}"
EndProject
Project("{2150E333-8FDC-42A3-9474-1A3956D46DE8}") = "5 - Infra", "5 - Infra", "{522972DA-4D5D-45CD-9E29-13018AC8F206}"
EndProject
Project("{2150E333-8FDC-42A3-9474-1A3956D46DE8}") = "5.1 - Data", "5.1 - Data", "{1CC90C77-B8CE-44E5-AC1D-29A6D2770746}"
EndProject
Project("{2150E333-8FDC-42A3-9474-1A3956D46DE8}") = "5.2 - CrossCutting", "5.2 - CrossCutting", "{8FAB546B-9414-4913-85B4-7732901ED713}"
EndProject
Project("{FAE04EC0-301F-11D3-BF4B-00C04F79EFBC}") = "TT.Domain", "src\TT.Domain\TT.Domain.csproj", "{5CCFF3BA-A7C3-4B91-BA79-8F6169440247}"
EndProject
Project("{FAE04EC0-301F-11D3-BF4B-00C04F79EFBC}") = "TT.Infra.Data", "src\TT.Infra.Data\TT.Infra.Data.csproj", "{7831C675-A302-4639-BE64-E90D4934430C}"
EndProject
Project("{FAE04EC0-301F-11D3-BF4B-00C04F79EFBC}") = "TT.Infra.CrossCutting.Identity", "src\TT.Infra.CrossCutting.Identity\TT.Infra.CrossCutting.Identity.csproj", "{1581CCE8-0F93-4793-8ABC-4511292A35F6}"
EndProject
Project("{FAE04EC0-301F-11D3-BF4B-00C04F79EFBC}") = "TT.Infra.CrossCutting.IoC", "src\TT.Infra.CrossCutting.IoC\TT.Infra.CrossCutting.IoC.csproj", "{87BC2B4B-5B29-45E5-9675-C4E9ADC73A67}"
EndProject
Project("{FAE04EC0-301F-11D3-BF4B-00C04F79EFBC}") = "TT.Application", "src\TT.Application\TT.Application.csproj", "{FE55FACD-28B5-4F76-A516-697FA56EB1EC}"
EndProject
Project("{FAE04EC0-301F-11D3-BF4B-00C04F79EFBC}") = "TT.Presentation.UI.MVC", "src\TT.Presentation.UI.MVC\TT.Presentation.UI.MVC.csproj", "{54463CAD-B4B8-44E4-8290-928FECBB6EB2}"
EndProject
Global
	GlobalSection(SolutionConfigurationPlatforms) = preSolution
		Debug|Any CPU = Debug|Any CPU
		Debug|ARM = Debug|ARM
		Debug|x64 = Debug|x64
		Debug|x86 = Debug|x86
		Release|Any CPU = Release|Any CPU
		Release|ARM = Release|ARM
		Release|x64 = Release|x64
		Release|x86 = Release|x86
	EndGlobalSection
	GlobalSection(ProjectConfigurationPlatforms) = postSolution
		{5CCFF3BA-A7C3-4B91-BA79-8F6169440247}.Debug|Any CPU.ActiveCfg = Debug|Any CPU
		{5CCFF3BA-A7C3-4B91-BA79-8F6169440247}.Debug|Any CPU.Build.0 = Debug|Any CPU
		{5CCFF3BA-A7C3-4B91-BA79-8F6169440247}.Debug|ARM.ActiveCfg = Debug|Any CPU
		{5CCFF3BA-A7C3-4B91-BA79-8F6169440247}.Debug|ARM.Build.0 = Debug|Any CPU
		{5CCFF3BA-A7C3-4B91-BA79-8F6169440247}.Debug|x64.ActiveCfg = Debug|Any CPU
		{5CCFF3BA-A7C3-4B91-BA79-8F6169440247}.Debug|x64.Build.0 = Debug|Any CPU
		{5CCFF3BA-A7C3-4B91-BA79-8F6169440247}.Debug|x86.ActiveCfg = Debug|Any CPU
		{5CCFF3BA-A7C3-4B91-BA79-8F6169440247}.Debug|x86.Build.0 = Debug|Any CPU
		{5CCFF3BA-A7C3-4B91-BA79-8F6169440247}.Release|Any CPU.ActiveCfg = Release|Any CPU
		{5CCFF3BA-A7C3-4B91-BA79-8F6169440247}.Release|Any CPU.Build.0 = Release|Any CPU
		{5CCFF3BA-A7C3-4B91-BA79-8F6169440247}.Release|ARM.ActiveCfg = Release|Any CPU
		{5CCFF3BA-A7C3-4B91-BA79-8F6169440247}.Release|ARM.Build.0 = Release|Any CPU
		{5CCFF3BA-A7C3-4B91-BA79-8F6169440247}.Release|x64.ActiveCfg = Release|Any CPU
		{5CCFF3BA-A7C3-4B91-BA79-8F6169440247}.Release|x64.Build.0 = Release|Any CPU
		{5CCFF3BA-A7C3-4B91-BA79-8F6169440247}.Release|x86.ActiveCfg = Release|Any CPU
		{5CCFF3BA-A7C3-4B91-BA79-8F6169440247}.Release|x86.Build.0 = Release|Any CPU
		{7831C675-A302-4639-BE64-E90D4934430C}.Debug|Any CPU.ActiveCfg = Debug|Any CPU
		{7831C675-A302-4639-BE64-E90D4934430C}.Debug|Any CPU.Build.0 = Debug|Any CPU
		{7831C675-A302-4639-BE64-E90D4934430C}.Debug|ARM.ActiveCfg = Debug|Any CPU
		{7831C675-A302-4639-BE64-E90D4934430C}.Debug|ARM.Build.0 = Debug|Any CPU
		{7831C675-A302-4639-BE64-E90D4934430C}.Debug|x64.ActiveCfg = Debug|Any CPU
		{7831C675-A302-4639-BE64-E90D4934430C}.Debug|x64.Build.0 = Debug|Any CPU
		{7831C675-A302-4639-BE64-E90D4934430C}.Debug|x86.ActiveCfg = Debug|Any CPU
		{7831C675-A302-4639-BE64-E90D4934430C}.Debug|x86.Build.0 = Debug|Any CPU
		{7831C675-A302-4639-BE64-E90D4934430C}.Release|Any CPU.ActiveCfg = Release|Any CPU
		{7831C675-A302-4639-BE64-E90D4934430C}.Release|Any CPU.Build.0 = Release|Any CPU
		{7831C675-A302-4639-BE64-E90D4934430C}.Release|ARM.ActiveCfg = Release|Any CPU
		{7831C675-A302-4639-BE64-E90D4934430C}.Release|ARM.Build.0 = Release|Any CPU
		{7831C675-A302-4639-BE64-E90D4934430C}.Release|x64.ActiveCfg = Release|Any CPU
		{7831C675-A302-4639-BE64-E90D4934430C}.Release|x64.Build.0 = Release|Any CPU
		{7831C675-A302-4639-BE64-E90D4934430C}.Release|x86.ActiveCfg = Release|Any CPU
		{7831C675-A302-4639-BE64-E90D4934430C}.Release|x86.Build.0 = Release|Any CPU
		{1581CCE8-0F93-4793-8ABC-4511292A35F6}.Debug|Any CPU.ActiveCfg = Debug|Any CPU
		{1581CCE8-0F93-4793-8ABC-4511292A35F6}.Debug|Any CPU.Build.0 = Debug|Any CPU
		{1581CCE8-0F93-4793-8ABC-4511292A35F6}.Debug|ARM.ActiveCfg = Debug|Any CPU
		{1581CCE8-0F93-4793-8ABC-4511292A35F6}.Debug|ARM.Build.0 = Debug|Any CPU
		{1581CCE8-0F93-4793-8ABC-4511292A35F6}.Debug|x64.ActiveCfg = Debug|Any CPU
		{1581CCE8-0F93-4793-8ABC-4511292A35F6}.Debug|x64.Build.0 = Debug|Any CPU
		{1581CCE8-0F93-4793-8ABC-4511292A35F6}.Debug|x86.ActiveCfg = Debug|Any CPU
		{1581CCE8-0F93-4793-8ABC-4511292A35F6}.Debug|x86.Build.0 = Debug|Any CPU
		{1581CCE8-0F93-4793-8ABC-4511292A35F6}.Release|Any CPU.ActiveCfg = Release|Any CPU
		{1581CCE8-0F93-4793-8ABC-4511292A35F6}.Release|Any CPU.Build.0 = Release|Any CPU
		{1581CCE8-0F93-4793-8ABC-4511292A35F6}.Release|ARM.ActiveCfg = Release|Any CPU
		{1581CCE8-0F93-4793-8ABC-4511292A35F6}.Release|ARM.Build.0 = Release|Any CPU
		{1581CCE8-0F93-4793-8ABC-4511292A35F6}.Release|x64.ActiveCfg = Release|Any CPU
		{1581CCE8-0F93-4793-8ABC-4511292A35F6}.Release|x64.Build.0 = Release|Any CPU
		{1581CCE8-0F93-4793-8ABC-4511292A35F6}.Release|x86.ActiveCfg = Release|Any CPU
		{1581CCE8-0F93-4793-8ABC-4511292A35F6}.Release|x86.Build.0 = Release|Any CPU
		{87BC2B4B-5B29-45E5-9675-C4E9ADC73A67}.Debug|Any CPU.ActiveCfg = Debug|Any CPU
		{87BC2B4B-5B29-45E5-9675-C4E9ADC73A67}.Debug|Any CPU.Build.0 = Debug|Any CPU
		{87BC2B4B-5B29-45E5-9675-C4E9ADC73A67}.Debug|ARM.ActiveCfg = Debug|Any CPU
		{87BC2B4B-5B29-45E5-9675-C4E9ADC73A67}.Debug|ARM.Build.0 = Debug|Any CPU
		{87BC2B4B-5B29-45E5-9675-C4E9ADC73A67}.Debug|x64.ActiveCfg = Debug|Any CPU
		{87BC2B4B-5B29-45E5-9675-C4E9ADC73A67}.Debug|x64.Build.0 = Debug|Any CPU
		{87BC2B4B-5B29-45E5-9675-C4E9ADC73A67}.Debug|x86.ActiveCfg = Debug|Any CPU
		{87BC2B4B-5B29-45E5-9675-C4E9ADC73A67}.Debug|x86.Build.0 = Debug|Any CPU
		{87BC2B4B-5B29-45E5-9675-C4E9ADC73A67}.Release|Any CPU.ActiveCfg = Release|Any CPU
		{87BC2B4B-5B29-45E5-9675-C4E9ADC73A67}.Release|Any CPU.Build.0 = Release|Any CPU
		{87BC2B4B-5B29-45E5-9675-C4E9ADC73A67}.Release|ARM.ActiveCfg = Release|Any CPU
		{87BC2B4B-5B29-45E5-9675-C4E9ADC73A67}.Release|ARM.Build.0 = Release|Any CPU
		{87BC2B4B-5B29-45E5-9675-C4E9ADC73A67}.Release|x64.ActiveCfg = Release|Any CPU
		{87BC2B4B-5B29-45E5-9675-C4E9ADC73A67}.Release|x64.Build.0 = Release|Any CPU
		{87BC2B4B-5B29-45E5-9675-C4E9ADC73A67}.Release|x86.ActiveCfg = Release|Any CPU
		{87BC2B4B-5B29-45E5-9675-C4E9ADC73A67}.Release|x86.Build.0 = Release|Any CPU
		{FE55FACD-28B5-4F76-A516-697FA56EB1EC}.Debug|Any CPU.ActiveCfg = Debug|Any CPU
		{FE55FACD-28B5-4F76-A516-697FA56EB1EC}.Debug|Any CPU.Build.0 = Debug|Any CPU
		{FE55FACD-28B5-4F76-A516-697FA56EB1EC}.Debug|ARM.ActiveCfg = Debug|Any CPU
		{FE55FACD-28B5-4F76-A516-697FA56EB1EC}.Debug|ARM.Build.0 = Debug|Any CPU
		{FE55FACD-28B5-4F76-A516-697FA56EB1EC}.Debug|x64.ActiveCfg = Debug|Any CPU
		{FE55FACD-28B5-4F76-A516-697FA56EB1EC}.Debug|x64.Build.0 = Debug|Any CPU
		{FE55FACD-28B5-4F76-A516-697FA56EB1EC}.Debug|x86.ActiveCfg = Debug|Any CPU
		{FE55FACD-28B5-4F76-A516-697FA56EB1EC}.Debug|x86.Build.0 = Debug|Any CPU
		{FE55FACD-28B5-4F76-A516-697FA56EB1EC}.Release|Any CPU.ActiveCfg = Release|Any CPU
		{FE55FACD-28B5-4F76-A516-697FA56EB1EC}.Release|Any CPU.Build.0 = Release|Any CPU
		{FE55FACD-28B5-4F76-A516-697FA56EB1EC}.Release|ARM.ActiveCfg = Release|Any CPU
		{FE55FACD-28B5-4F76-A516-697FA56EB1EC}.Release|ARM.Build.0 = Release|Any CPU
		{FE55FACD-28B5-4F76-A516-697FA56EB1EC}.Release|x64.ActiveCfg = Release|Any CPU
		{FE55FACD-28B5-4F76-A516-697FA56EB1EC}.Release|x64.Build.0 = Release|Any CPU
		{FE55FACD-28B5-4F76-A516-697FA56EB1EC}.Release|x86.ActiveCfg = Release|Any CPU
		{FE55FACD-28B5-4F76-A516-697FA56EB1EC}.Release|x86.Build.0 = Release|Any CPU
		{54463CAD-B4B8-44E4-8290-928FECBB6EB2}.Debug|Any CPU.ActiveCfg = Debug|Any CPU
		{54463CAD-B4B8-44E4-8290-928FECBB6EB2}.Debug|Any CPU.Build.0 = Debug|Any CPU
		{54463CAD-B4B8-44E4-8290-928FECBB6EB2}.Debug|ARM.ActiveCfg = Debug|Any CPU
		{54463CAD-B4B8-44E4-8290-928FECBB6EB2}.Debug|ARM.Build.0 = Debug|Any CPU
		{54463CAD-B4B8-44E4-8290-928FECBB6EB2}.Debug|x64.ActiveCfg = Debug|Any CPU
		{54463CAD-B4B8-44E4-8290-928FECBB6EB2}.Debug|x64.Build.0 = Debug|Any CPU
		{54463CAD-B4B8-44E4-8290-928FECBB6EB2}.Debug|x86.ActiveCfg = Debug|Any CPU
		{54463CAD-B4B8-44E4-8290-928FECBB6EB2}.Debug|x86.Build.0 = Debug|Any CPU
		{54463CAD-B4B8-44E4-8290-928FECBB6EB2}.Release|Any CPU.ActiveCfg = Release|Any CPU
		{54463CAD-B4B8-44E4-8290-928FECBB6EB2}.Release|Any CPU.Build.0 = Release|Any CPU
		{54463CAD-B4B8-44E4-8290-928FECBB6EB2}.Release|ARM.ActiveCfg = Release|Any CPU
		{54463CAD-B4B8-44E4-8290-928FECBB6EB2}.Release|ARM.Build.0 = Release|Any CPU
		{54463CAD-B4B8-44E4-8290-928FECBB6EB2}.Release|x64.ActiveCfg = Release|Any CPU
		{54463CAD-B4B8-44E4-8290-928FECBB6EB2}.Release|x64.Build.0 = Release|Any CPU
		{54463CAD-B4B8-44E4-8290-928FECBB6EB2}.Release|x86.ActiveCfg = Release|Any CPU
		{54463CAD-B4B8-44E4-8290-928FECBB6EB2}.Release|x86.Build.0 = Release|Any CPU
	EndGlobalSection
	GlobalSection(SolutionProperties) = preSolution
		HideSolutionNode = FALSE
	EndGlobalSection
	GlobalSection(NestedProjects) = preSolution
		{1CC90C77-B8CE-44E5-AC1D-29A6D2770746} = {522972DA-4D5D-45CD-9E29-13018AC8F206}
		{8FAB546B-9414-4913-85B4-7732901ED713} = {522972DA-4D5D-45CD-9E29-13018AC8F206}
		{5CCFF3BA-A7C3-4B91-BA79-8F6169440247} = {95494C4F-0307-4884-9D5A-B26FB9471828}
		{7831C675-A302-4639-BE64-E90D4934430C} = {1CC90C77-B8CE-44E5-AC1D-29A6D2770746}
		{1581CCE8-0F93-4793-8ABC-4511292A35F6} = {8FAB546B-9414-4913-85B4-7732901ED713}
		{87BC2B4B-5B29-45E5-9675-C4E9ADC73A67} = {8FAB546B-9414-4913-85B4-7732901ED713}
		{FE55FACD-28B5-4F76-A516-697FA56EB1EC} = {27CA652A-6EF2-46F6-A615-2FAE1B46553C}
		{54463CAD-B4B8-44E4-8290-928FECBB6EB2} = {0E9A87D7-750C-4381-A0E9-8C05002085F5}
	EndGlobalSection
EndGlobal
